// !$*UTF8*$!
{
	archiveVersion = 1;
	classes = {
	};
	objectVersion = 55;
	objects = {

/* Begin PBXBuildFile section */
		DAC103C7276A983900623733 /* AppDelegate.swift in Sources */ = {isa = PBXBuildFile; fileRef = DAC103C6276A983900623733 /* AppDelegate.swift */; };
		DAC103C9276A983900623733 /* ViewController.swift in Sources */ = {isa = PBXBuildFile; fileRef = DAC103C8276A983900623733 /* ViewController.swift */; };
		DAC103CB276A983A00623733 /* Assets.xcassets in Resources */ = {isa = PBXBuildFile; fileRef = DAC103CA276A983A00623733 /* Assets.xcassets */; };
		DAC103CE276A983A00623733 /* Main.storyboard in Resources */ = {isa = PBXBuildFile; fileRef = DAC103CC276A983A00623733 /* Main.storyboard */; };
		DAC103D6276AA32800623733 /* JoinRoomVC.swift in Sources */ = {isa = PBXBuildFile; fileRef = DAC103D5276AA32800623733 /* JoinRoomVC.swift */; };
		DAC103D9276AA5B000623733 /* StartRoomVC.swift in Sources */ = {isa = PBXBuildFile; fileRef = DAC103D7276AA5B000623733 /* StartRoomVC.swift */; };
		DAC103DD276AD39000623733 /* RoomVC.swift in Sources */ = {isa = PBXBuildFile; fileRef = DAC103DB276AD39000623733 /* RoomVC.swift */; };
/* End PBXBuildFile section */

/* Begin PBXFileReference section */
		DAC103C3276A983900623733 /* PlanningPokerRealApp.app */ = {isa = PBXFileReference; explicitFileType = wrapper.application; includeInIndex = 0; path = PlanningPokerRealApp.app; sourceTree = BUILT_PRODUCTS_DIR; };
		DAC103C6276A983900623733 /* AppDelegate.swift */ = {isa = PBXFileReference; lastKnownFileType = sourcecode.swift; path = AppDelegate.swift; sourceTree = "<group>"; };
		DAC103C8276A983900623733 /* ViewController.swift */ = {isa = PBXFileReference; lastKnownFileType = sourcecode.swift; path = ViewController.swift; sourceTree = "<group>"; };
		DAC103CA276A983A00623733 /* Assets.xcassets */ = {isa = PBXFileReference; lastKnownFileType = folder.assetcatalog; path = Assets.xcassets; sourceTree = "<group>"; };
		DAC103CD276A983A00623733 /* Base */ = {isa = PBXFileReference; lastKnownFileType = file.storyboard; name = Base; path = Base.lproj/Main.storyboard; sourceTree = "<group>"; };
		DAC103CF276A983A00623733 /* PlanningPokerRealApp.entitlements */ = {isa = PBXFileReference; lastKnownFileType = text.plist.entitlements; path = PlanningPokerRealApp.entitlements; sourceTree = "<group>"; };
		DAC103D5276AA32800623733 /* JoinRoomVC.swift */ = {isa = PBXFileReference; lastKnownFileType = sourcecode.swift; path = JoinRoomVC.swift; sourceTree = "<group>"; };
		DAC103D7276AA5B000623733 /* StartRoomVC.swift */ = {isa = PBXFileReference; lastKnownFileType = sourcecode.swift; path = StartRoomVC.swift; sourceTree = "<group>"; };
		DAC103DB276AD39000623733 /* RoomVC.swift */ = {isa = PBXFileReference; lastKnownFileType = sourcecode.swift; path = RoomVC.swift; sourceTree = "<group>"; };
/* End PBXFileReference section */

/* Begin PBXFrameworksBuildPhase section */
		DAC103C0276A983900623733 /* Frameworks */ = {
			isa = PBXFrameworksBuildPhase;
			buildActionMask = 2147483647;
			files = (
			);
			runOnlyForDeploymentPostprocessing = 0;
		};
/* End PBXFrameworksBuildPhase section */

/* Begin PBXGroup section */
		DAC103BA276A983900623733 = {
			isa = PBXGroup;
			children = (
				DAC103C5276A983900623733 /* PlanningPokerRealApp */,
				DAC103C4276A983900623733 /* Products */,
			);
			sourceTree = "<group>";
		};
		DAC103C4276A983900623733 /* Products */ = {
			isa = PBXGroup;
			children = (
				DAC103C3276A983900623733 /* PlanningPokerRealApp.app */,
			);
			name = Products;
			sourceTree = "<group>";
		};
		DAC103C5276A983900623733 /* PlanningPokerRealApp */ = {
			isa = PBXGroup;
			children = (
				DAC103C6276A983900623733 /* AppDelegate.swift */,
				DAC103C8276A983900623733 /* ViewController.swift */,
				DAC103CA276A983A00623733 /* Assets.xcassets */,
				DAC103CC276A983A00623733 /* Main.storyboard */,
				DAC103CF276A983A00623733 /* PlanningPokerRealApp.entitlements */,
				DAC103D5276AA32800623733 /* JoinRoomVC.swift */,
				DAC103D7276AA5B000623733 /* StartRoomVC.swift */,
				DAC103DB276AD39000623733 /* RoomVC.swift */,
			);
			path = PlanningPokerRealApp;
			sourceTree = "<group>";
		};
/* End PBXGroup section */

/* Begin PBXNativeTarget section */
		DAC103C2276A983900623733 /* PlanningPokerRealApp */ = {
			isa = PBXNativeTarget;
			buildConfigurationList = DAC103D2276A983A00623733 /* Build configuration list for PBXNativeTarget "PlanningPokerRealApp" */;
			buildPhases = (
				DAC103BF276A983900623733 /* Sources */,
				DAC103C0276A983900623733 /* Frameworks */,
				DAC103C1276A983900623733 /* Resources */,
			);
			buildRules = (
			);
			dependencies = (
			);
			name = PlanningPokerRealApp;
			productName = PlanningPokerRealApp;
			productReference = DAC103C3276A983900623733 /* PlanningPokerRealApp.app */;
			productType = "com.apple.product-type.application";
		};
/* End PBXNativeTarget section */

/* Begin PBXProject section */
		DAC103BB276A983900623733 /* Project object */ = {
			isa = PBXProject;
			attributes = {
				BuildIndependentTargetsInParallel = 1;
				LastSwiftUpdateCheck = 1310;
				LastUpgradeCheck = 1310;
				TargetAttributes = {
					DAC103C2276A983900623733 = {
						CreatedOnToolsVersion = 13.1;
					};
				};
			};
			buildConfigurationList = DAC103BE276A983900623733 /* Build configuration list for PBXProject "PlanningPokerRealApp" */;
			compatibilityVersion = "Xcode 13.0";
			developmentRegion = en;
			hasScannedForEncodings = 0;
			knownRegions = (
				en,
				Base,
			);
			mainGroup = DAC103BA276A983900623733;
			productRefGroup = DAC103C4276A983900623733 /* Products */;
			projectDirPath = "";
			projectRoot = "";
			targets = (
				DAC103C2276A983900623733 /* PlanningPokerRealApp */,
			);
		};
/* End PBXProject section */

/* Begin PBXResourcesBuildPhase section */
		DAC103C1276A983900623733 /* Resources */ = {
			isa = PBXResourcesBuildPhase;
			buildActionMask = 2147483647;
			files = (
				DAC103CB276A983A00623733 /* Assets.xcassets in Resources */,
				DAC103CE276A983A00623733 /* Main.storyboard in Resources */,
			);
			runOnlyForDeploymentPostprocessing = 0;
		};
/* End PBXResourcesBuildPhase section */

/* Begin PBXSourcesBuildPhase section */
		DAC103BF276A983900623733 /* Sources */ = {
			isa = PBXSourcesBuildPhase;
			buildActionMask = 2147483647;
			files = (
				DAC103D9276AA5B000623733 /* StartRoomVC.swift in Sources */,
				DAC103C9276A983900623733 /* ViewController.swift in Sources */,
				DAC103D6276AA32800623733 /* JoinRoomVC.swift in Sources */,
				DAC103C7276A983900623733 /* AppDelegate.swift in Sources */,
				DAC103DD276AD39000623733 /* RoomVC.swift in Sources */,
			);
			runOnlyForDeploymentPostprocessing = 0;
		};
/* End PBXSourcesBuildPhase section */

/* Begin PBXVariantGroup section */
		DAC103CC276A983A00623733 /* Main.storyboard */ = {
			isa = PBXVariantGroup;
			children = (
				DAC103CD276A983A00623733 /* Base */,
			);
			name = Main.storyboard;
			sourceTree = "<group>";
		};
/* End PBXVariantGroup section */

/* Begin XCBuildConfiguration section */
		DAC103D0276A983A00623733 /* Debug */ = {
			isa = XCBuildConfiguration;
			buildSettings = {
				ALWAYS_SEARCH_USER_PATHS = NO;
				CLANG_ANALYZER_NONNULL = YES;
				CLANG_ANALYZER_NUMBER_OBJECT_CONVERSION = YES_AGGRESSIVE;
				CLANG_CXX_LANGUAGE_STANDARD = "gnu++17";
				CLANG_CXX_LIBRARY = "libc++";
				CLANG_ENABLE_MODULES = YES;
				CLANG_ENABLE_OBJC_ARC = YES;
				CLANG_ENABLE_OBJC_WEAK = YES;
				CLANG_WARN_BLOCK_CAPTURE_AUTORELEASING = YES;
				CLANG_WARN_BOOL_CONVERSION = YES;
				CLANG_WARN_COMMA = YES;
				CLANG_WARN_CONSTANT_CONVERSION = YES;
				CLANG_WARN_DEPRECATED_OBJC_IMPLEMENTATIONS = YES;
				CLANG_WARN_DIRECT_OBJC_ISA_USAGE = YES_ERROR;
				CLANG_WARN_DOCUMENTATION_COMMENTS = YES;
				CLANG_WARN_EMPTY_BODY = YES;
				CLANG_WARN_ENUM_CONVERSION = YES;
				CLANG_WARN_INFINITE_RECURSION = YES;
				CLANG_WARN_INT_CONVERSION = YES;
				CLANG_WARN_NON_LITERAL_NULL_CONVERSION = YES;
				CLANG_WARN_OBJC_IMPLICIT_RETAIN_SELF = YES;
				CLANG_WARN_OBJC_LITERAL_CONVERSION = YES;
				CLANG_WARN_OBJC_ROOT_CLASS = YES_ERROR;
				CLANG_WARN_QUOTED_INCLUDE_IN_FRAMEWORK_HEADER = YES;
				CLANG_WARN_RANGE_LOOP_ANALYSIS = YES;
				CLANG_WARN_STRICT_PROTOTYPES = YES;
				CLANG_WARN_SUSPICIOUS_MOVE = YES;
				CLANG_WARN_UNGUARDED_AVAILABILITY = YES_AGGRESSIVE;
				CLANG_WARN_UNREACHABLE_CODE = YES;
				CLANG_WARN__DUPLICATE_METHOD_MATCH = YES;
				COPY_PHASE_STRIP = NO;
				DEBUG_INFORMATION_FORMAT = dwarf;
				ENABLE_STRICT_OBJC_MSGSEND = YES;
				ENABLE_TESTABILITY = YES;
				GCC_C_LANGUAGE_STANDARD = gnu11;
				GCC_DYNAMIC_NO_PIC = NO;
				GCC_NO_COMMON_BLOCKS = YES;
				GCC_OPTIMIZATION_LEVEL = 0;
				GCC_PREPROCESSOR_DEFINITIONS = (
					"DEBUG=1",
					"$(inherited)",
				);
				GCC_WARN_64_TO_32_BIT_CONVERSION = YES;
				GCC_WARN_ABOUT_RETURN_TYPE = YES_ERROR;
				GCC_WARN_UNDECLARED_SELECTOR = YES;
				GCC_WARN_UNINITIALIZED_AUTOS = YES_AGGRESSIVE;
				GCC_WARN_UNUSED_FUNCTION = YES;
				GCC_WARN_UNUSED_VARIABLE = YES;
				MACOSX_DEPLOYMENT_TARGET = 12.0;
				MTL_ENABLE_DEBUG_INFO = INCLUDE_SOURCE;
				MTL_FAST_MATH = YES;
				ONLY_ACTIVE_ARCH = YES;
				SDKROOT = macosx;
				SWIFT_ACTIVE_COMPILATION_CONDITIONS = DEBUG;
				SWIFT_OPTIMIZATION_LEVEL = "-Onone";
			};
			name = Debug;
		};
		DAC103D1276A983A00623733 /* Release */ = {
			isa = XCBuildConfiguration;
			buildSettings = {
				ALWAYS_SEARCH_USER_PATHS = NO;
				CLANG_ANALYZER_NONNULL = YES;
				CLANG_ANALYZER_NUMBER_OBJECT_CONVERSION = YES_AGGRESSIVE;
				CLANG_CXX_LANGUAGE_STANDARD = "gnu++17";
				CLANG_CXX_LIBRARY = "libc++";
				CLANG_ENABLE_MODULES = YES;
				CLANG_ENABLE_OBJC_ARC = YES;
				CLANG_ENABLE_OBJC_WEAK = YES;
				CLANG_WARN_BLOCK_CAPTURE_AUTORELEASING = YES;
				CLANG_WARN_BOOL_CONVERSION = YES;
				CLANG_WARN_COMMA = YES;
				CLANG_WARN_CONSTANT_CONVERSION = YES;
				CLANG_WARN_DEPRECATED_OBJC_IMPLEMENTATIONS = YES;
				CLANG_WARN_DIRECT_OBJC_ISA_USAGE = YES_ERROR;
				CLANG_WARN_DOCUMENTATION_COMMENTS = YES;
				CLANG_WARN_EMPTY_BODY = YES;
				CLANG_WARN_ENUM_CONVERSION = YES;
				CLANG_WARN_INFINITE_RECURSION = YES;
				CLANG_WARN_INT_CONVERSION = YES;
				CLANG_WARN_NON_LITERAL_NULL_CONVERSION = YES;
				CLANG_WARN_OBJC_IMPLICIT_RETAIN_SELF = YES;
				CLANG_WARN_OBJC_LITERAL_CONVERSION = YES;
				CLANG_WARN_OBJC_ROOT_CLASS = YES_ERROR;
				CLANG_WARN_QUOTED_INCLUDE_IN_FRAMEWORK_HEADER = YES;
				CLANG_WARN_RANGE_LOOP_ANALYSIS = YES;
				CLANG_WARN_STRICT_PROTOTYPES = YES;
				CLANG_WARN_SUSPICIOUS_MOVE = YES;
				CLANG_WARN_UNGUARDED_AVAILABILITY = YES_AGGRESSIVE;
				CLANG_WARN_UNREACHABLE_CODE = YES;
				CLANG_WARN__DUPLICATE_METHOD_MATCH = YES;
				COPY_PHASE_STRIP = NO;
				DEBUG_INFORMATION_FORMAT = "dwarf-with-dsym";
				ENABLE_NS_ASSERTIONS = NO;
				ENABLE_STRICT_OBJC_MSGSEND = YES;
				GCC_C_LANGUAGE_STANDARD = gnu11;
				GCC_NO_COMMON_BLOCKS = YES;
				GCC_WARN_64_TO_32_BIT_CONVERSION = YES;
				GCC_WARN_ABOUT_RETURN_TYPE = YES_ERROR;
				GCC_WARN_UNDECLARED_SELECTOR = YES;
				GCC_WARN_UNINITIALIZED_AUTOS = YES_AGGRESSIVE;
				GCC_WARN_UNUSED_FUNCTION = YES;
				GCC_WARN_UNUSED_VARIABLE = YES;
				MACOSX_DEPLOYMENT_TARGET = 12.0;
				MTL_ENABLE_DEBUG_INFO = NO;
				MTL_FAST_MATH = YES;
				SDKROOT = macosx;
				SWIFT_COMPILATION_MODE = wholemodule;
				SWIFT_OPTIMIZATION_LEVEL = "-O";
			};
			name = Release;
		};
		DAC103D3276A983A00623733 /* Debug */ = {
			isa = XCBuildConfiguration;
			buildSettings = {
				ASSETCATALOG_COMPILER_APPICON_NAME = AppIcon;
				ASSETCATALOG_COMPILER_GLOBAL_ACCENT_COLOR_NAME = AccentColor;
				CODE_SIGN_ENTITLEMENTS = PlanningPokerRealApp/PlanningPokerRealApp.entitlements;
				CODE_SIGN_STYLE = Automatic;
				COMBINE_HIDPI_IMAGES = YES;
				CURRENT_PROJECT_VERSION = 1;
				DEVELOPMENT_TEAM = R7SHSK6MNC;
				ENABLE_HARDENED_RUNTIME = YES;
				GENERATE_INFOPLIST_FILE = YES;
				INFOPLIST_KEY_NSHumanReadableCopyright = "";
				INFOPLIST_KEY_NSMainStoryboardFile = Main;
				INFOPLIST_KEY_NSPrincipalClass = NSApplication;
				LD_RUNPATH_SEARCH_PATHS = (
					"$(inherited)",
					"@executable_path/../Frameworks",
				);
				MARKETING_VERSION = 1.0;
				PRODUCT_BUNDLE_IDENTIFIER = com.KinneyKare.PlanningPokerRealApp;
				PRODUCT_NAME = "$(TARGET_NAME)";
				SWIFT_EMIT_LOC_STRINGS = YES;
				SWIFT_VERSION = 5.0;
			};
			name = Debug;
		};
		DAC103D4276A983A00623733 /* Release */ = {
			isa = XCBuildConfiguration;
			buildSettings = {
				ASSETCATALOG_COMPILER_APPICON_NAME = AppIcon;
				ASSETCATALOG_COMPILER_GLOBAL_ACCENT_COLOR_NAME = AccentColor;
				CODE_SIGN_ENTITLEMENTS = PlanningPokerRealApp/PlanningPokerRealApp.entitlements;
				CODE_SIGN_STYLE = Automatic;
				COMBINE_HIDPI_IMAGES = YES;
				CURRENT_PROJECT_VERSION = 1;
				DEVELOPMENT_TEAM = R7SHSK6MNC;
				ENABLE_HARDENED_RUNTIME = YES;
				GENERATE_INFOPLIST_FILE = YES;
				INFOPLIST_KEY_NSHumanReadableCopyright = "";
				INFOPLIST_KEY_NSMainStoryboardFile = Main;
				INFOPLIST_KEY_NSPrincipalClass = NSApplication;
				LD_RUNPATH_SEARCH_PATHS = (
					"$(inherited)",
					"@executable_path/../Frameworks",
				);
				MARKETING_VERSION = 1.0;
				PRODUCT_BUNDLE_IDENTIFIER = com.KinneyKare.PlanningPokerRealApp;
				PRODUCT_NAME = "$(TARGET_NAME)";
				SWIFT_EMIT_LOC_STRINGS = YES;
				SWIFT_VERSION = 5.0;
			};
			name = Release;
		};
/* End XCBuildConfiguration section */

/* Begin XCConfigurationList section */
		DAC103BE276A983900623733 /* Build configuration list for PBXProject "PlanningPokerRealApp" */ = {
			isa = XCConfigurationList;
			buildConfigurations = (
				DAC103D0276A983A00623733 /* Debug */,
				DAC103D1276A983A00623733 /* Release */,
			);
			defaultConfigurationIsVisible = 0;
			defaultConfigurationName = Release;
		};
		DAC103D2276A983A00623733 /* Build configuration list for PBXNativeTarget "PlanningPokerRealApp" */ = {
			isa = XCConfigurationList;
			buildConfigurations = (
				DAC103D3276A983A00623733 /* Debug */,
				DAC103D4276A983A00623733 /* Release */,
			);
			defaultConfigurationIsVisible = 0;
			defaultConfigurationName = Release;
		};
/* End XCConfigurationList section */
	};
	rootObject = DAC103BB276A983900623733 /* Project object */;
}
